// !$*UTF8*$!
{
	archiveVersion = 1;
	classes = {
	};
	objectVersion = 50;
	objects = {

/* Begin PBXBuildFile section */
		FFAAFF472384609A000E57C8 /* AppDelegate.swift in Sources */ = {isa = PBXBuildFile; fileRef = FFAAFF462384609A000E57C8 /* AppDelegate.swift */; };
		FFAAFF492384609A000E57C8 /* SceneDelegate.swift in Sources */ = {isa = PBXBuildFile; fileRef = FFAAFF482384609A000E57C8 /* SceneDelegate.swift */; };
		FFAAFF4B2384609A000E57C8 /* ViewController.swift in Sources */ = {isa = PBXBuildFile; fileRef = FFAAFF4A2384609A000E57C8 /* ViewController.swift */; };
		FFAAFF4E2384609A000E57C8 /* Main.storyboard in Resources */ = {isa = PBXBuildFile; fileRef = FFAAFF4C2384609A000E57C8 /* Main.storyboard */; };
		FFAAFF502384609C000E57C8 /* Assets.xcassets in Resources */ = {isa = PBXBuildFile; fileRef = FFAAFF4F2384609C000E57C8 /* Assets.xcassets */; };
		FFAAFF532384609C000E57C8 /* LaunchScreen.storyboard in Resources */ = {isa = PBXBuildFile; fileRef = FFAAFF512384609C000E57C8 /* LaunchScreen.storyboard */; };
/* End PBXBuildFile section */

/* Begin PBXFileReference section */
		FFAAFF432384609A000E57C8 /* GitHubTest.app */ = {isa = PBXFileReference; explicitFileType = wrapper.application; includeInIndex = 0; path = GitHubTest.app; sourceTree = BUILT_PRODUCTS_DIR; };
		FFAAFF462384609A000E57C8 /* AppDelegate.swift */ = {isa = PBXFileReference; lastKnownFileType = sourcecode.swift; path = AppDelegate.swift; sourceTree = "<group>"; };
		FFAAFF482384609A000E57C8 /* SceneDelegate.swift */ = {isa = PBXFileReference; lastKnownFileType = sourcecode.swift; path = SceneDelegate.swift; sourceTree = "<group>"; };
		FFAAFF4A2384609A000E57C8 /* ViewController.swift */ = {isa = PBXFileReference; lastKnownFileType = sourcecode.swift; path = ViewController.swift; sourceTree = "<group>"; };
		FFAAFF4D2384609A000E57C8 /* Base */ = {isa = PBXFileReference; lastKnownFileType = file.storyboard; name = Base; path = Base.lproj/Main.storyboard; sourceTree = "<group>"; };
		FFAAFF4F2384609C000E57C8 /* Assets.xcassets */ = {isa = PBXFileReference; lastKnownFileType = folder.assetcatalog; path = Assets.xcassets; sourceTree = "<group>"; };
		FFAAFF522384609C000E57C8 /* Base */ = {isa = PBXFileReference; lastKnownFileType = file.storyboard; name = Base; path = Base.lproj/LaunchScreen.storyboard; sourceTree = "<group>"; };
		FFAAFF542384609C000E57C8 /* Info.plist */ = {isa = PBXFileReference; lastKnownFileType = text.plist.xml; path = Info.plist; sourceTree = "<group>"; };
/* End PBXFileReference section */

/* Begin PBXFrameworksBuildPhase section */
		FFAAFF402384609A000E57C8 /* Frameworks */ = {
			isa = PBXFrameworksBuildPhase;
			buildActionMask = 2147483647;
			files = (
			);
			runOnlyForDeploymentPostprocessing = 0;
		};
/* End PBXFrameworksBuildPhase section */

/* Begin PBXGroup section */
		FFAAFF3A2384609A000E57C8 = {
			isa = PBXGroup;
			children = (
				FFAAFF452384609A000E57C8 /* GitHubTest */,
				FFAAFF442384609A000E57C8 /* Products */,
			);
			sourceTree = "<group>";
		};
		FFAAFF442384609A000E57C8 /* Products */ = {
			isa = PBXGroup;
			children = (
				FFAAFF432384609A000E57C8 /* GitHubTest.app */,
			);
			name = Products;
			sourceTree = "<group>";
		};
		FFAAFF452384609A000E57C8 /* GitHubTest */ = {
			isa = PBXGroup;
			children = (
				FFAAFF462384609A000E57C8 /* AppDelegate.swift */,
				FFAAFF482384609A000E57C8 /* SceneDelegate.swift */,
				FFAAFF4A2384609A000E57C8 /* ViewController.swift */,
				FFAAFF4C2384609A000E57C8 /* Main.storyboard */,
				FFAAFF4F2384609C000E57C8 /* Assets.xcassets */,
				FFAAFF512384609C000E57C8 /* LaunchScreen.storyboard */,
				FFAAFF542384609C000E57C8 /* Info.plist */,
			);
			path = GitHubTest;
			sourceTree = "<group>";
		};
/* End PBXGroup section */

/* Begin PBXNativeTarget section */
		FFAAFF422384609A000E57C8 /* GitHubTest */ = {
			isa = PBXNativeTarget;
			buildConfigurationList = FFAAFF572384609C000E57C8 /* Build configuration list for PBXNativeTarget "GitHubTest" */;
			buildPhases = (
				FFAAFF3F2384609A000E57C8 /* Sources */,
				FFAAFF402384609A000E57C8 /* Frameworks */,
				FFAAFF412384609A000E57C8 /* Resources */,
			);
			buildRules = (
			);
			dependencies = (
			);
			name = GitHubTest;
			productName = GitHubTest;
			productReference = FFAAFF432384609A000E57C8 /* GitHubTest.app */;
			productType = "com.apple.product-type.application";
		};
/* End PBXNativeTarget section */

/* Begin PBXProject section */
		FFAAFF3B2384609A000E57C8 /* Project object */ = {
			isa = PBXProject;
			attributes = {
				LastSwiftUpdateCheck = 1120;
				LastUpgradeCheck = 1120;
				ORGANIZATIONNAME = "Александр Алгашев";
				TargetAttributes = {
					FFAAFF422384609A000E57C8 = {
						CreatedOnToolsVersion = 11.2.1;
					};
				};
			};
			buildConfigurationList = FFAAFF3E2384609A000E57C8 /* Build configuration list for PBXProject "GitHubTest" */;
			compatibilityVersion = "Xcode 9.3";
			developmentRegion = en;
			hasScannedForEncodings = 0;
			knownRegions = (
				en,
				Base,
			);
			mainGroup = FFAAFF3A2384609A000E57C8;
			productRefGroup = FFAAFF442384609A000E57C8 /* Products */;
			projectDirPath = "";
			projectRoot = "";
			targets = (
				FFAAFF422384609A000E57C8 /* GitHubTest */,
			);
		};
/* End PBXProject section */

/* Begin PBXResourcesBuildPhase section */
		FFAAFF412384609A000E57C8 /* Resources */ = {
			isa = PBXResourcesBuildPhase;
			buildActionMask = 2147483647;
			files = (
				FFAAFF532384609C000E57C8 /* LaunchScreen.storyboard in Resources */,
				FFAAFF502384609C000E57C8 /* Assets.xcassets in Resources */,
				FFAAFF4E2384609A000E57C8 /* Main.storyboard in Resources */,
			);
			runOnlyForDeploymentPostprocessing = 0;
		};
/* End PBXResourcesBuildPhase section */

/* Begin PBXSourcesBuildPhase section */
		FFAAFF3F2384609A000E57C8 /* Sources */ = {
			isa = PBXSourcesBuildPhase;
			buildActionMask = 2147483647;
			files = (
				FFAAFF4B2384609A000E57C8 /* ViewController.swift in Sources */,
				FFAAFF472384609A000E57C8 /* AppDelegate.swift in Sources */,
				FFAAFF492384609A000E57C8 /* SceneDelegate.swift in Sources */,
			);
			runOnlyForDeploymentPostprocessing = 0;
		};
/* End PBXSourcesBuildPhase section */

/* Begin PBXVariantGroup section */
		FFAAFF4C2384609A000E57C8 /* Main.storyboard */ = {
			isa = PBXVariantGroup;
			children = (
				FFAAFF4D2384609A000E57C8 /* Base */,
			);
			name = Main.storyboard;
			sourceTree = "<group>";
		};
		FFAAFF512384609C000E57C8 /* LaunchScreen.storyboard */ = {
			isa = PBXVariantGroup;
			children = (
				FFAAFF522384609C000E57C8 /* Base */,
			);
			name = LaunchScreen.storyboard;
			sourceTree = "<group>";
		};
/* End PBXVariantGroup section */

/* Begin XCBuildConfiguration section */
		FFAAFF552384609C000E57C8 /* Debug */ = {
			isa = XCBuildConfiguration;
			buildSettings = {
				ALWAYS_SEARCH_USER_PATHS = NO;
				CLANG_ANALYZER_NONNULL = YES;
				CLANG_ANALYZER_NUMBER_OBJECT_CONVERSION = YES_AGGRESSIVE;
				CLANG_CXX_LANGUAGE_STANDARD = "gnu++14";
				CLANG_CXX_LIBRARY = "libc++";
				CLANG_ENABLE_MODULES = YES;
				CLANG_ENABLE_OBJC_ARC = YES;
				CLANG_ENABLE_OBJC_WEAK = YES;
				CLANG_WARN_BLOCK_CAPTURE_AUTORELEASING = YES;
				CLANG_WARN_BOOL_CONVERSION = YES;
				CLANG_WARN_COMMA = YES;
				CLANG_WARN_CONSTANT_CONVERSION = YES;
				CLANG_WARN_DEPRECATED_OBJC_IMPLEMENTATIONS = YES;
				CLANG_WARN_DIRECT_OBJC_ISA_USAGE = YES_ERROR;
				CLANG_WARN_DOCUMENTATION_COMMENTS = YES;
				CLANG_WARN_EMPTY_BODY = YES;
				CLANG_WARN_ENUM_CONVERSION = YES;
				CLANG_WARN_INFINITE_RECURSION = YES;
				CLANG_WARN_INT_CONVERSION = YES;
				CLANG_WARN_NON_LITERAL_NULL_CONVERSION = YES;
				CLANG_WARN_OBJC_IMPLICIT_RETAIN_SELF = YES;
				CLANG_WARN_OBJC_LITERAL_CONVERSION = YES;
				CLANG_WARN_OBJC_ROOT_CLASS = YES_ERROR;
				CLANG_WARN_RANGE_LOOP_ANALYSIS = YES;
				CLANG_WARN_STRICT_PROTOTYPES = YES;
				CLANG_WARN_SUSPICIOUS_MOVE = YES;
				CLANG_WARN_UNGUARDED_AVAILABILITY = YES_AGGRESSIVE;
				CLANG_WARN_UNREACHABLE_CODE = YES;
				CLANG_WARN__DUPLICATE_METHOD_MATCH = YES;
				COPY_PHASE_STRIP = NO;
				DEBUG_INFORMATION_FORMAT = dwarf;
				ENABLE_STRICT_OBJC_MSGSEND = YES;
				ENABLE_TESTABILITY = YES;
				GCC_C_LANGUAGE_STANDARD = gnu11;
				GCC_DYNAMIC_NO_PIC = NO;
				GCC_NO_COMMON_BLOCKS = YES;
				GCC_OPTIMIZATION_LEVEL = 0;
				GCC_PREPROCESSOR_DEFINITIONS = (
					"DEBUG=1",
					"$(inherited)",
				);
				GCC_WARN_64_TO_32_BIT_CONVERSION = YES;
				GCC_WARN_ABOUT_RETURN_TYPE = YES_ERROR;
				GCC_WARN_UNDECLARED_SELECTOR = YES;
				GCC_WARN_UNINITIALIZED_AUTOS = YES_AGGRESSIVE;
				GCC_WARN_UNUSED_FUNCTION = YES;
				GCC_WARN_UNUSED_VARIABLE = YES;
				IPHONEOS_DEPLOYMENT_TARGET = 13.2;
				MTL_ENABLE_DEBUG_INFO = INCLUDE_SOURCE;
				MTL_FAST_MATH = YES;
				ONLY_ACTIVE_ARCH = YES;
				SDKROOT = iphoneos;
				SWIFT_ACTIVE_COMPILATION_CONDITIONS = DEBUG;
				SWIFT_OPTIMIZATION_LEVEL = "-Onone";
			};
			name = Debug;
		};
		FFAAFF562384609C000E57C8 /* Release */ = {
			isa = XCBuildConfiguration;
			buildSettings = {
				ALWAYS_SEARCH_USER_PATHS = NO;
				CLANG_ANALYZER_NONNULL = YES;
				CLANG_ANALYZER_NUMBER_OBJECT_CONVERSION = YES_AGGRESSIVE;
				CLANG_CXX_LANGUAGE_STANDARD = "gnu++14";
				CLANG_CXX_LIBRARY = "libc++";
				CLANG_ENABLE_MODULES = YES;
				CLANG_ENABLE_OBJC_ARC = YES;
				CLANG_ENABLE_OBJC_WEAK = YES;
				CLANG_WARN_BLOCK_CAPTURE_AUTORELEASING = YES;
				CLANG_WARN_BOOL_CONVERSION = YES;
				CLANG_WARN_COMMA = YES;
				CLANG_WARN_CONSTANT_CONVERSION = YES;
				CLANG_WARN_DEPRECATED_OBJC_IMPLEMENTATIONS = YES;
				CLANG_WARN_DIRECT_OBJC_ISA_USAGE = YES_ERROR;
				CLANG_WARN_DOCUMENTATION_COMMENTS = YES;
				CLANG_WARN_EMPTY_BODY = YES;
				CLANG_WARN_ENUM_CONVERSION = YES;
				CLANG_WARN_INFINITE_RECURSION = YES;
				CLANG_WARN_INT_CONVERSION = YES;
				CLANG_WARN_NON_LITERAL_NULL_CONVERSION = YES;
				CLANG_WARN_OBJC_IMPLICIT_RETAIN_SELF = YES;
				CLANG_WARN_OBJC_LITERAL_CONVERSION = YES;
				CLANG_WARN_OBJC_ROOT_CLASS = YES_ERROR;
				CLANG_WARN_RANGE_LOOP_ANALYSIS = YES;
				CLANG_WARN_STRICT_PROTOTYPES = YES;
				CLANG_WARN_SUSPICIOUS_MOVE = YES;
				CLANG_WARN_UNGUARDED_AVAILABILITY = YES_AGGRESSIVE;
				CLANG_WARN_UNREACHABLE_CODE = YES;
				CLANG_WARN__DUPLICATE_METHOD_MATCH = YES;
				COPY_PHASE_STRIP = NO;
				DEBUG_INFORMATION_FORMAT = "dwarf-with-dsym";
				ENABLE_NS_ASSERTIONS = NO;
				ENABLE_STRICT_OBJC_MSGSEND = YES;
				GCC_C_LANGUAGE_STANDARD = gnu11;
				GCC_NO_COMMON_BLOCKS = YES;
				GCC_WARN_64_TO_32_BIT_CONVERSION = YES;
				GCC_WARN_ABOUT_RETURN_TYPE = YES_ERROR;
				GCC_WARN_UNDECLARED_SELECTOR = YES;
				GCC_WARN_UNINITIALIZED_AUTOS = YES_AGGRESSIVE;
				GCC_WARN_UNUSED_FUNCTION = YES;
				GCC_WARN_UNUSED_VARIABLE = YES;
				IPHONEOS_DEPLOYMENT_TARGET = 13.2;
				MTL_ENABLE_DEBUG_INFO = NO;
				MTL_FAST_MATH = YES;
				SDKROOT = iphoneos;
				SWIFT_COMPILATION_MODE = wholemodule;
				SWIFT_OPTIMIZATION_LEVEL = "-O";
				VALIDATE_PRODUCT = YES;
			};
			name = Release;
		};
		FFAAFF582384609C000E57C8 /* Debug */ = {
			isa = XCBuildConfiguration;
			buildSettings = {
				ASSETCATALOG_COMPILER_APPICON_NAME = AppIcon;
				CODE_SIGN_STYLE = Automatic;
				DEVELOPMENT_TEAM = SQ2J8S5B39;
				INFOPLIST_FILE = GitHubTest/Info.plist;
				LD_RUNPATH_SEARCH_PATHS = (
					"$(inherited)",
					"@executable_path/Frameworks",
				);
				PRODUCT_BUNDLE_IDENTIFIER = algashev.GitHubTest;
				PRODUCT_NAME = "$(TARGET_NAME)";
				SWIFT_VERSION = 5.0;
				TARGETED_DEVICE_FAMILY = "1,2";
			};
			name = Debug;
		};
		FFAAFF592384609C000E57C8 /* Release */ = {
			isa = XCBuildConfiguration;
			buildSettings = {
				ASSETCATALOG_COMPILER_APPICON_NAME = AppIcon;
				CODE_SIGN_STYLE = Automatic;
				DEVELOPMENT_TEAM = SQ2J8S5B39;
				INFOPLIST_FILE = GitHubTest/Info.plist;
				LD_RUNPATH_SEARCH_PATHS = (
					"$(inherited)",
					"@executable_path/Frameworks",
				);
				PRODUCT_BUNDLE_IDENTIFIER = algashev.GitHubTest;
				PRODUCT_NAME = "$(TARGET_NAME)";
				SWIFT_VERSION = 5.0;
				TARGETED_DEVICE_FAMILY = "1,2";
			};
			name = Release;
		};
/* End XCBuildConfiguration section */

/* Begin XCConfigurationList section */
		FFAAFF3E2384609A000E57C8 /* Build configuration list for PBXProject "GitHubTest" */ = {
			isa = XCConfigurationList;
			buildConfigurations = (
				FFAAFF552384609C000E57C8 /* Debug */,
				FFAAFF562384609C000E57C8 /* Release */,
			);
			defaultConfigurationIsVisible = 0;
			defaultConfigurationName = Release;
		};
		FFAAFF572384609C000E57C8 /* Build configuration list for PBXNativeTarget "GitHubTest" */ = {
			isa = XCConfigurationList;
			buildConfigurations = (
				FFAAFF582384609C000E57C8 /* Debug */,
				FFAAFF592384609C000E57C8 /* Release */,
			);
			defaultConfigurationIsVisible = 0;
			defaultConfigurationName = Release;
		};
/* End XCConfigurationList section */
	};
	rootObject = FFAAFF3B2384609A000E57C8 /* Project object */;
}
